
Microsoft Visual Studio Solution File, Format Version 12.00
# Visual Studio Version 16
VisualStudioVersion = 16.0.30907.101
MinimumVisualStudioVersion = 10.0.40219.1
Project("{FAE04EC0-301F-11D3-BF4B-00C04F79EFBC}") = "Minipanosprosessi", "Minipanosprosessi\Minipanosprosessi.csproj", "{7C8F11A3-84CC-420A-9E91-AA190E78F7C9}"
EndProject
Global
	GlobalSection(SolutionConfigurationPlatforms) = preSolution
		Debug|Any CPU = Debug|Any CPU
		Release|Any CPU = Release|Any CPU
	EndGlobalSection
	GlobalSection(ProjectConfigurationPlatforms) = postSolution
		{7C8F11A3-84CC-420A-9E91-AA190E78F7C9}.Debug|Any CPU.ActiveCfg = Debug|Any CPU
		{7C8F11A3-84CC-420A-9E91-AA190E78F7C9}.Debug|Any CPU.Build.0 = Debug|Any CPU
		{7C8F11A3-84CC-420A-9E91-AA190E78F7C9}.Release|Any CPU.ActiveCfg = Release|Any CPU
		{7C8F11A3-84CC-420A-9E91-AA190E78F7C9}.Release|Any CPU.Build.0 = Release|Any CPU
	EndGlobalSection
	GlobalSection(SolutionProperties) = preSolution
		HideSolutionNode = FALSE
	EndGlobalSection
	GlobalSection(ExtensibilityGlobals) = postSolution
		SolutionGuid = {84C2651C-EB4E-4EC8-8465-E89A1EAC3D92}
	EndGlobalSection
EndGlobal
